# This file is automatically @generated by Poetry 2.0.1 and should not be changed by hand.

[[package]]
name = "annotated-types"
version = "0.7.0"
description = "Reusable constraint types to use with typing.Annotated"
optional = false
python-versions = ">=3.8"
groups = ["main"]
markers = "python_version == \"3.11\" or python_version >= \"3.12\""
files = [
    {file = "annotated_types-0.7.0-py3-none-any.whl", hash = "sha256:1f02e8b43a8fbbc3f3e0d4f0f4bfc8131bcb4eebe8849b8e5c773f3a1c582a53"},
    {file = "annotated_types-0.7.0.tar.gz", hash = "sha256:aff07c09a53a08bc8cfccb9c85b05f1aa9a2a6f23728d790723543408344ce89"},
]

[[package]]
name = "anyio"
version = "4.8.0"
description = "High level compatibility layer for multiple asynchronous event loop implementations"
optional = false
python-versions = ">=3.9"
groups = ["main"]
markers = "python_version == \"3.11\" or python_version >= \"3.12\""
files = [
    {file = "anyio-4.8.0-py3-none-any.whl", hash = "sha256:b5011f270ab5eb0abf13385f851315585cc37ef330dd88e27ec3d34d651fd47a"},
    {file = "anyio-4.8.0.tar.gz", hash = "sha256:1d9fe889df5212298c0c0723fa20479d1b94883a2df44bd3897aa91083316f7a"},
]

[package.dependencies]
idna = ">=2.8"
sniffio = ">=1.1"
typing_extensions = {version = ">=4.5", markers = "python_version < \"3.13\""}

[package.extras]
doc = ["Sphinx (>=7.4,<8.0)", "packaging", "sphinx-autodoc-typehints (>=1.2.0)", "sphinx_rtd_theme"]
test = ["anyio[trio]", "coverage[toml] (>=7)", "exceptiongroup (>=1.2.0)", "hypothesis (>=4.0)", "psutil (>=5.9)", "pytest (>=7.0)", "trustme", "truststore (>=0.9.1)", "uvloop (>=0.21)"]
trio = ["trio (>=0.26.1)"]

[[package]]
name = "async-timeout"
version = "5.0.1"
description = "Timeout context manager for asyncio programs"
optional = false
python-versions = ">=3.8"
groups = ["main"]
markers = "python_version == \"3.11\" and python_full_version < \"3.11.3\""
files = [
    {file = "async_timeout-5.0.1-py3-none-any.whl", hash = "sha256:39e3809566ff85354557ec2398b55e096c8364bacac9405a7a1fa429e77fe76c"},
    {file = "async_timeout-5.0.1.tar.gz", hash = "sha256:d9321a7a3d5a6a5e187e824d2fa0793ce379a202935782d555d6e9d2735677d3"},
]

[[package]]
name = "click"
version = "8.1.8"
description = "Composable command line interface toolkit"
optional = false
python-versions = ">=3.7"
groups = ["main"]
markers = "python_version == \"3.11\" or python_version >= \"3.12\""
files = [
    {file = "click-8.1.8-py3-none-any.whl", hash = "sha256:63c132bbbed01578a06712a2d1f497bb62d9c1c0d329b7903a866228027263b2"},
    {file = "click-8.1.8.tar.gz", hash = "sha256:ed53c9d8990d83c2a27deae68e4ee337473f6330c040a31d4225c9574d16096a"},
]

[package.dependencies]
colorama = {version = "*", markers = "platform_system == \"Windows\""}

[[package]]
name = "colorama"
version = "0.4.6"
description = "Cross-platform colored terminal text."
optional = false
python-versions = "!=3.0.*,!=3.1.*,!=3.2.*,!=3.3.*,!=3.4.*,!=3.5.*,!=3.6.*,>=2.7"
groups = ["main"]
markers = "python_version == \"3.11\" and platform_system == \"Windows\" or python_version >= \"3.12\" and platform_system == \"Windows\""
files = [
    {file = "colorama-0.4.6-py2.py3-none-any.whl", hash = "sha256:4f1d9991f5acc0ca119f9d443620b77f9d6b33703e51011c16baf57afb285fc6"},
    {file = "colorama-0.4.6.tar.gz", hash = "sha256:08695f5cb7ed6e0531a20572697297273c47b8cae5a63ffc6d6ed5c201be6e44"},
]

[[package]]
name = "fastapi"
version = "0.115.8"
description = "FastAPI framework, high performance, easy to learn, fast to code, ready for production"
optional = false
python-versions = ">=3.8"
groups = ["main"]
markers = "python_version == \"3.11\" or python_version >= \"3.12\""
files = [
    {file = "fastapi-0.115.8-py3-none-any.whl", hash = "sha256:753a96dd7e036b34eeef8babdfcfe3f28ff79648f86551eb36bfc1b0bf4a8cbf"},
    {file = "fastapi-0.115.8.tar.gz", hash = "sha256:0ce9111231720190473e222cdf0f07f7206ad7e53ea02beb1d2dc36e2f0741e9"},
]

[package.dependencies]
pydantic = ">=1.7.4,<1.8 || >1.8,<1.8.1 || >1.8.1,<2.0.0 || >2.0.0,<2.0.1 || >2.0.1,<2.1.0 || >2.1.0,<3.0.0"
starlette = ">=0.40.0,<0.46.0"
typing-extensions = ">=4.8.0"

[package.extras]
all = ["email-validator (>=2.0.0)", "fastapi-cli[standard] (>=0.0.5)", "httpx (>=0.23.0)", "itsdangerous (>=1.1.0)", "jinja2 (>=3.1.5)", "orjson (>=3.2.1)", "pydantic-extra-types (>=2.0.0)", "pydantic-settings (>=2.0.0)", "python-multipart (>=0.0.18)", "pyyaml (>=5.3.1)", "ujson (>=4.0.1,!=4.0.2,!=4.1.0,!=4.2.0,!=4.3.0,!=5.0.0,!=5.1.0)", "uvicorn[standard] (>=0.12.0)"]
standard = ["email-validator (>=2.0.0)", "fastapi-cli[standard] (>=0.0.5)", "httpx (>=0.23.0)", "jinja2 (>=3.1.5)", "python-multipart (>=0.0.18)", "uvicorn[standard] (>=0.12.0)"]

[[package]]
name = "h11"
version = "0.14.0"
description = "A pure-Python, bring-your-own-I/O implementation of HTTP/1.1"
optional = false
python-versions = ">=3.7"
groups = ["main"]
markers = "python_version == \"3.11\" or python_version >= \"3.12\""
files = [
    {file = "h11-0.14.0-py3-none-any.whl", hash = "sha256:e3fe4ac4b851c468cc8363d500db52c2ead036020723024a109d37346efaa761"},
    {file = "h11-0.14.0.tar.gz", hash = "sha256:8f19fbbe99e72420ff35c00b27a34cb9937e902a8b810e2c88300c6f0a3b699d"},
]

[[package]]
name = "idna"
version = "3.10"
description = "Internationalized Domain Names in Applications (IDNA)"
optional = false
python-versions = ">=3.6"
groups = ["main"]
markers = "python_version == \"3.11\" or python_version >= \"3.12\""
files = [
    {file = "idna-3.10-py3-none-any.whl", hash = "sha256:946d195a0d259cbba61165e88e65941f16e9b36ea6ddb97f00452bae8b1287d3"},
    {file = "idna-3.10.tar.gz", hash = "sha256:12f65c9b470abda6dc35cf8e63cc574b1c52b11df2c86030af0ac09b01b13ea9"},
]

[package.extras]
all = ["flake8 (>=7.1.1)", "mypy (>=1.11.2)", "pytest (>=8.3.2)", "ruff (>=0.6.2)"]

[[package]]
name = "numpy"
version = "2.2.3"
description = "Fundamental package for array computing in Python"
optional = false
python-versions = ">=3.10"
groups = ["main"]
markers = "python_version == \"3.11\" or python_version >= \"3.12\""
files = [
    {file = "numpy-2.2.3-cp310-cp310-macosx_10_9_x86_64.whl", hash = "sha256:cbc6472e01952d3d1b2772b720428f8b90e2deea8344e854df22b0618e9cce71"},
    {file = "numpy-2.2.3-cp310-cp310-macosx_11_0_arm64.whl", hash = "sha256:cdfe0c22692a30cd830c0755746473ae66c4a8f2e7bd508b35fb3b6a0813d787"},
    {file = "numpy-2.2.3-cp310-cp310-macosx_14_0_arm64.whl", hash = "sha256:e37242f5324ffd9f7ba5acf96d774f9276aa62a966c0bad8dae692deebec7716"},
    {file = "numpy-2.2.3-cp310-cp310-macosx_14_0_x86_64.whl", hash = "sha256:95172a21038c9b423e68be78fd0be6e1b97674cde269b76fe269a5dfa6fadf0b"},
    {file = "numpy-2.2.3-cp310-cp310-manylinux_2_17_aarch64.manylinux2014_aarch64.whl", hash = "sha256:d5b47c440210c5d1d67e1cf434124e0b5c395eee1f5806fdd89b553ed1acd0a3"},
    {file = "numpy-2.2.3-cp310-cp310-manylinux_2_17_x86_64.manylinux2014_x86_64.whl", hash = "sha256:0391ea3622f5c51a2e29708877d56e3d276827ac5447d7f45e9bc4ade8923c52"},
    {file = "numpy-2.2.3-cp310-cp310-musllinux_1_2_aarch64.whl", hash = "sha256:f6b3dfc7661f8842babd8ea07e9897fe3d9b69a1d7e5fbb743e4160f9387833b"},
    {file = "numpy-2.2.3-cp310-cp310-musllinux_1_2_x86_64.whl", hash = "sha256:1ad78ce7f18ce4e7df1b2ea4019b5817a2f6a8a16e34ff2775f646adce0a5027"},
    {file = "numpy-2.2.3-cp310-cp310-win32.whl", hash = "sha256:5ebeb7ef54a7be11044c33a17b2624abe4307a75893c001a4800857956b41094"},
    {file = "numpy-2.2.3-cp310-cp310-win_amd64.whl", hash = "sha256:596140185c7fa113563c67c2e894eabe0daea18cf8e33851738c19f70ce86aeb"},
    {file = "numpy-2.2.3-cp311-cp311-macosx_10_9_x86_64.whl", hash = "sha256:16372619ee728ed67a2a606a614f56d3eabc5b86f8b615c79d01957062826ca8"},
    {file = "numpy-2.2.3-cp311-cp311-macosx_11_0_arm64.whl", hash = "sha256:5521a06a3148686d9269c53b09f7d399a5725c47bbb5b35747e1cb76326b714b"},
    {file = "numpy-2.2.3-cp311-cp311-macosx_14_0_arm64.whl", hash = "sha256:7c8dde0ca2f77828815fd1aedfdf52e59071a5bae30dac3b4da2a335c672149a"},
    {file = "numpy-2.2.3-cp311-cp311-macosx_14_0_x86_64.whl", hash = "sha256:77974aba6c1bc26e3c205c2214f0d5b4305bdc719268b93e768ddb17e3fdd636"},
    {file = "numpy-2.2.3-cp311-cp311-manylinux_2_17_aarch64.manylinux2014_aarch64.whl", hash = "sha256:d42f9c36d06440e34226e8bd65ff065ca0963aeecada587b937011efa02cdc9d"},
    {file = "numpy-2.2.3-cp311-cp311-manylinux_2_17_x86_64.manylinux2014_x86_64.whl", hash = "sha256:f2712c5179f40af9ddc8f6727f2bd910ea0eb50206daea75f58ddd9fa3f715bb"},
    {file = "numpy-2.2.3-cp311-cp311-musllinux_1_2_aarch64.whl", hash = "sha256:c8b0451d2ec95010d1db8ca733afc41f659f425b7f608af569711097fd6014e2"},
    {file = "numpy-2.2.3-cp311-cp311-musllinux_1_2_x86_64.whl", hash = "sha256:d9b4a8148c57ecac25a16b0e11798cbe88edf5237b0df99973687dd866f05e1b"},
    {file = "numpy-2.2.3-cp311-cp311-win32.whl", hash = "sha256:1f45315b2dc58d8a3e7754fe4e38b6fce132dab284a92851e41b2b344f6441c5"},
    {file = "numpy-2.2.3-cp311-cp311-win_amd64.whl", hash = "sha256:9f48ba6f6c13e5e49f3d3efb1b51c8193215c42ac82610a04624906a9270be6f"},
    {file = "numpy-2.2.3-cp312-cp312-macosx_10_13_x86_64.whl", hash = "sha256:12c045f43b1d2915eca6b880a7f4a256f59d62df4f044788c8ba67709412128d"},
    {file = "numpy-2.2.3-cp312-cp312-macosx_11_0_arm64.whl", hash = "sha256:87eed225fd415bbae787f93a457af7f5990b92a334e346f72070bf569b9c9c95"},
    {file = "numpy-2.2.3-cp312-cp312-macosx_14_0_arm64.whl", hash = "sha256:712a64103d97c404e87d4d7c47fb0c7ff9acccc625ca2002848e0d53288b90ea"},
    {file = "numpy-2.2.3-cp312-cp312-macosx_14_0_x86_64.whl", hash = "sha256:a5ae282abe60a2db0fd407072aff4599c279bcd6e9a2475500fc35b00a57c532"},
    {file = "numpy-2.2.3-cp312-cp312-manylinux_2_17_aarch64.manylinux2014_aarch64.whl", hash = "sha256:5266de33d4c3420973cf9ae3b98b54a2a6d53a559310e3236c4b2b06b9c07d4e"},
    {file = "numpy-2.2.3-cp312-cp312-manylinux_2_17_x86_64.manylinux2014_x86_64.whl", hash = "sha256:3b787adbf04b0db1967798dba8da1af07e387908ed1553a0d6e74c084d1ceafe"},
    {file = "numpy-2.2.3-cp312-cp312-musllinux_1_2_aarch64.whl", hash = "sha256:34c1b7e83f94f3b564b35f480f5652a47007dd91f7c839f404d03279cc8dd021"},
    {file = "numpy-2.2.3-cp312-cp312-musllinux_1_2_x86_64.whl", hash = "sha256:4d8335b5f1b6e2bce120d55fb17064b0262ff29b459e8493d1785c18ae2553b8"},
    {file = "numpy-2.2.3-cp312-cp312-win32.whl", hash = "sha256:4d9828d25fb246bedd31e04c9e75714a4087211ac348cb39c8c5f99dbb6683fe"},
    {file = "numpy-2.2.3-cp312-cp312-win_amd64.whl", hash = "sha256:83807d445817326b4bcdaaaf8e8e9f1753da04341eceec705c001ff342002e5d"},
    {file = "numpy-2.2.3-cp313-cp313-macosx_10_13_x86_64.whl", hash = "sha256:7bfdb06b395385ea9b91bf55c1adf1b297c9fdb531552845ff1d3ea6e40d5aba"},
    {file = "numpy-2.2.3-cp313-cp313-macosx_11_0_arm64.whl", hash = "sha256:23c9f4edbf4c065fddb10a4f6e8b6a244342d95966a48820c614891e5059bb50"},
    {file = "numpy-2.2.3-cp313-cp313-macosx_14_0_arm64.whl", hash = "sha256:a0c03b6be48aaf92525cccf393265e02773be8fd9551a2f9adbe7db1fa2b60f1"},
    {file = "numpy-2.2.3-cp313-cp313-macosx_14_0_x86_64.whl", hash = "sha256:2376e317111daa0a6739e50f7ee2a6353f768489102308b0d98fcf4a04f7f3b5"},
    {file = "numpy-2.2.3-cp313-cp313-manylinux_2_17_aarch64.manylinux2014_aarch64.whl", hash = "sha256:8fb62fe3d206d72fe1cfe31c4a1106ad2b136fcc1606093aeab314f02930fdf2"},
    {file = "numpy-2.2.3-cp313-cp313-manylinux_2_17_x86_64.manylinux2014_x86_64.whl", hash = "sha256:52659ad2534427dffcc36aac76bebdd02b67e3b7a619ac67543bc9bfe6b7cdb1"},
    {file = "numpy-2.2.3-cp313-cp313-musllinux_1_2_aarch64.whl", hash = "sha256:1b416af7d0ed3271cad0f0a0d0bee0911ed7eba23e66f8424d9f3dfcdcae1304"},
    {file = "numpy-2.2.3-cp313-cp313-musllinux_1_2_x86_64.whl", hash = "sha256:1402da8e0f435991983d0a9708b779f95a8c98c6b18a171b9f1be09005e64d9d"},
    {file = "numpy-2.2.3-cp313-cp313-win32.whl", hash = "sha256:136553f123ee2951bfcfbc264acd34a2fc2f29d7cdf610ce7daf672b6fbaa693"},
    {file = "numpy-2.2.3-cp313-cp313-win_amd64.whl", hash = "sha256:5b732c8beef1d7bc2d9e476dbba20aaff6167bf205ad9aa8d30913859e82884b"},
    {file = "numpy-2.2.3-cp313-cp313t-macosx_10_13_x86_64.whl", hash = "sha256:435e7a933b9fda8126130b046975a968cc2d833b505475e588339e09f7672890"},
    {file = "numpy-2.2.3-cp313-cp313t-macosx_11_0_arm64.whl", hash = "sha256:7678556eeb0152cbd1522b684dcd215250885993dd00adb93679ec3c0e6e091c"},
    {file = "numpy-2.2.3-cp313-cp313t-macosx_14_0_arm64.whl", hash = "sha256:2e8da03bd561504d9b20e7a12340870dfc206c64ea59b4cfee9fceb95070ee94"},
    {file = "numpy-2.2.3-cp313-cp313t-macosx_14_0_x86_64.whl", hash = "sha256:c9aa4496fd0e17e3843399f533d62857cef5900facf93e735ef65aa4bbc90ef0"},
    {file = "numpy-2.2.3-cp313-cp313t-manylinux_2_17_aarch64.manylinux2014_aarch64.whl", hash = "sha256:f4ca91d61a4bf61b0f2228f24bbfa6a9facd5f8af03759fe2a655c50ae2c6610"},
    {file = "numpy-2.2.3-cp313-cp313t-manylinux_2_17_x86_64.manylinux2014_x86_64.whl", hash = "sha256:deaa09cd492e24fd9b15296844c0ad1b3c976da7907e1c1ed3a0ad21dded6f76"},
    {file = "numpy-2.2.3-cp313-cp313t-musllinux_1_2_aarch64.whl", hash = "sha256:246535e2f7496b7ac85deffe932896a3577be7af8fb7eebe7146444680297e9a"},
    {file = "numpy-2.2.3-cp313-cp313t-musllinux_1_2_x86_64.whl", hash = "sha256:daf43a3d1ea699402c5a850e5313680ac355b4adc9770cd5cfc2940e7861f1bf"},
    {file = "numpy-2.2.3-cp313-cp313t-win32.whl", hash = "sha256:cf802eef1f0134afb81fef94020351be4fe1d6681aadf9c5e862af6602af64ef"},
    {file = "numpy-2.2.3-cp313-cp313t-win_amd64.whl", hash = "sha256:aee2512827ceb6d7f517c8b85aa5d3923afe8fc7a57d028cffcd522f1c6fd082"},
    {file = "numpy-2.2.3-pp310-pypy310_pp73-macosx_10_15_x86_64.whl", hash = "sha256:3c2ec8a0f51d60f1e9c0c5ab116b7fc104b165ada3f6c58abf881cb2eb16044d"},
    {file = "numpy-2.2.3-pp310-pypy310_pp73-macosx_14_0_x86_64.whl", hash = "sha256:ed2cf9ed4e8ebc3b754d398cba12f24359f018b416c380f577bbae112ca52fc9"},
    {file = "numpy-2.2.3-pp310-pypy310_pp73-manylinux_2_17_x86_64.manylinux2014_x86_64.whl", hash = "sha256:39261798d208c3095ae4f7bc8eaeb3481ea8c6e03dc48028057d3cbdbdb8937e"},
    {file = "numpy-2.2.3-pp310-pypy310_pp73-win_amd64.whl", hash = "sha256:783145835458e60fa97afac25d511d00a1eca94d4a8f3ace9fe2043003c678e4"},
    {file = "numpy-2.2.3.tar.gz", hash = "sha256:dbdc15f0c81611925f382dfa97b3bd0bc2c1ce19d4fe50482cb0ddc12ba30020"},
]

[[package]]
name = "pandas"
version = "2.2.3"
description = "Powerful data structures for data analysis, time series, and statistics"
optional = false
python-versions = ">=3.9"
groups = ["main"]
markers = "python_version == \"3.11\" or python_version >= \"3.12\""
files = [
    {file = "pandas-2.2.3-cp310-cp310-macosx_10_9_x86_64.whl", hash = "sha256:1948ddde24197a0f7add2bdc4ca83bf2b1ef84a1bc8ccffd95eda17fd836ecb5"},
    {file = "pandas-2.2.3-cp310-cp310-macosx_11_0_arm64.whl", hash = "sha256:381175499d3802cde0eabbaf6324cce0c4f5d52ca6f8c377c29ad442f50f6348"},
    {file = "pandas-2.2.3-cp310-cp310-manylinux2014_aarch64.manylinux_2_17_aarch64.whl", hash = "sha256:d9c45366def9a3dd85a6454c0e7908f2b3b8e9c138f5dc38fed7ce720d8453ed"},
    {file = "pandas-2.2.3-cp310-cp310-manylinux_2_17_x86_64.manylinux2014_x86_64.whl", hash = "sha256:86976a1c5b25ae3f8ccae3a5306e443569ee3c3faf444dfd0f41cda24667ad57"},
    {file = "pandas-2.2.3-cp310-cp310-musllinux_1_2_aarch64.whl", hash = "sha256:b8661b0238a69d7aafe156b7fa86c44b881387509653fdf857bebc5e4008ad42"},
    {file = "pandas-2.2.3-cp310-cp310-musllinux_1_2_x86_64.whl", hash = "sha256:37e0aced3e8f539eccf2e099f65cdb9c8aa85109b0be6e93e2baff94264bdc6f"},
    {file = "pandas-2.2.3-cp310-cp310-win_amd64.whl", hash = "sha256:56534ce0746a58afaf7942ba4863e0ef81c9c50d3f0ae93e9497d6a41a057645"},
    {file = "pandas-2.2.3-cp311-cp311-macosx_10_9_x86_64.whl", hash = "sha256:66108071e1b935240e74525006034333f98bcdb87ea116de573a6a0dccb6c039"},
    {file = "pandas-2.2.3-cp311-cp311-macosx_11_0_arm64.whl", hash = "sha256:7c2875855b0ff77b2a64a0365e24455d9990730d6431b9e0ee18ad8acee13dbd"},
    {file = "pandas-2.2.3-cp311-cp311-manylinux2014_aarch64.manylinux_2_17_aarch64.whl", hash = "sha256:cd8d0c3be0515c12fed0bdbae072551c8b54b7192c7b1fda0ba56059a0179698"},
    {file = "pandas-2.2.3-cp311-cp311-manylinux_2_17_x86_64.manylinux2014_x86_64.whl", hash = "sha256:c124333816c3a9b03fbeef3a9f230ba9a737e9e5bb4060aa2107a86cc0a497fc"},
    {file = "pandas-2.2.3-cp311-cp311-musllinux_1_2_aarch64.whl", hash = "sha256:63cc132e40a2e084cf01adf0775b15ac515ba905d7dcca47e9a251819c575ef3"},
    {file = "pandas-2.2.3-cp311-cp311-musllinux_1_2_x86_64.whl", hash = "sha256:29401dbfa9ad77319367d36940cd8a0b3a11aba16063e39632d98b0e931ddf32"},
    {file = "pandas-2.2.3-cp311-cp311-win_amd64.whl", hash = "sha256:3fc6873a41186404dad67245896a6e440baacc92f5b716ccd1bc9ed2995ab2c5"},
    {file = "pandas-2.2.3-cp312-cp312-macosx_10_9_x86_64.whl", hash = "sha256:b1d432e8d08679a40e2a6d8b2f9770a5c21793a6f9f47fdd52c5ce1948a5a8a9"},
    {file = "pandas-2.2.3-cp312-cp312-macosx_11_0_arm64.whl", hash = "sha256:a5a1595fe639f5988ba6a8e5bc9649af3baf26df3998a0abe56c02609392e0a4"},
    {file = "pandas-2.2.3-cp312-cp312-manylinux2014_aarch64.manylinux_2_17_aarch64.whl", hash = "sha256:5de54125a92bb4d1c051c0659e6fcb75256bf799a732a87184e5ea503965bce3"},
    {file = "pandas-2.2.3-cp312-cp312-manylinux_2_17_x86_64.manylinux2014_x86_64.whl", hash = "sha256:fffb8ae78d8af97f849404f21411c95062db1496aeb3e56f146f0355c9989319"},
    {file = "pandas-2.2.3-cp312-cp312-musllinux_1_2_aarch64.whl", hash = "sha256:6dfcb5ee8d4d50c06a51c2fffa6cff6272098ad6540aed1a76d15fb9318194d8"},
    {file = "pandas-2.2.3-cp312-cp312-musllinux_1_2_x86_64.whl", hash = "sha256:062309c1b9ea12a50e8ce661145c6aab431b1e99530d3cd60640e255778bd43a"},
    {file = "pandas-2.2.3-cp312-cp312-win_amd64.whl", hash = "sha256:59ef3764d0fe818125a5097d2ae867ca3fa64df032331b7e0917cf5d7bf66b13"},
    {file = "pandas-2.2.3-cp313-cp313-macosx_10_13_x86_64.whl", hash = "sha256:f00d1345d84d8c86a63e476bb4955e46458b304b9575dcf71102b5c705320015"},
    {file = "pandas-2.2.3-cp313-cp313-macosx_11_0_arm64.whl", hash = "sha256:3508d914817e153ad359d7e069d752cdd736a247c322d932eb89e6bc84217f28"},
    {file = "pandas-2.2.3-cp313-cp313-manylinux2014_aarch64.manylinux_2_17_aarch64.whl", hash = "sha256:22a9d949bfc9a502d320aa04e5d02feab689d61da4e7764b62c30b991c42c5f0"},
    {file = "pandas-2.2.3-cp313-cp313-manylinux_2_17_x86_64.manylinux2014_x86_64.whl", hash = "sha256:f3a255b2c19987fbbe62a9dfd6cff7ff2aa9ccab3fc75218fd4b7530f01efa24"},
    {file = "pandas-2.2.3-cp313-cp313-musllinux_1_2_aarch64.whl", hash = "sha256:800250ecdadb6d9c78eae4990da62743b857b470883fa27f652db8bdde7f6659"},
    {file = "pandas-2.2.3-cp313-cp313-musllinux_1_2_x86_64.whl", hash = "sha256:6374c452ff3ec675a8f46fd9ab25c4ad0ba590b71cf0656f8b6daa5202bca3fb"},
    {file = "pandas-2.2.3-cp313-cp313-win_amd64.whl", hash = "sha256:61c5ad4043f791b61dd4752191d9f07f0ae412515d59ba8f005832a532f8736d"},
    {file = "pandas-2.2.3-cp313-cp313t-macosx_10_13_x86_64.whl", hash = "sha256:3b71f27954685ee685317063bf13c7709a7ba74fc996b84fc6821c59b0f06468"},
    {file = "pandas-2.2.3-cp313-cp313t-macosx_11_0_arm64.whl", hash = "sha256:38cf8125c40dae9d5acc10fa66af8ea6fdf760b2714ee482ca691fc66e6fcb18"},
    {file = "pandas-2.2.3-cp313-cp313t-manylinux2014_aarch64.manylinux_2_17_aarch64.whl", hash = "sha256:ba96630bc17c875161df3818780af30e43be9b166ce51c9a18c1feae342906c2"},
    {file = "pandas-2.2.3-cp313-cp313t-manylinux_2_17_x86_64.manylinux2014_x86_64.whl", hash = "sha256:1db71525a1538b30142094edb9adc10be3f3e176748cd7acc2240c2f2e5aa3a4"},
    {file = "pandas-2.2.3-cp313-cp313t-musllinux_1_2_aarch64.whl", hash = "sha256:15c0e1e02e93116177d29ff83e8b1619c93ddc9c49083f237d4312337a61165d"},
    {file = "pandas-2.2.3-cp313-cp313t-musllinux_1_2_x86_64.whl", hash = "sha256:ad5b65698ab28ed8d7f18790a0dc58005c7629f227be9ecc1072aa74c0c1d43a"},
    {file = "pandas-2.2.3-cp39-cp39-macosx_10_9_x86_64.whl", hash = "sha256:bc6b93f9b966093cb0fd62ff1a7e4c09e6d546ad7c1de191767baffc57628f39"},
    {file = "pandas-2.2.3-cp39-cp39-macosx_11_0_arm64.whl", hash = "sha256:5dbca4c1acd72e8eeef4753eeca07de9b1db4f398669d5994086f788a5d7cc30"},
    {file = "pandas-2.2.3-cp39-cp39-manylinux2014_aarch64.manylinux_2_17_aarch64.whl", hash = "sha256:8cd6d7cc958a3910f934ea8dbdf17b2364827bb4dafc38ce6eef6bb3d65ff09c"},
    {file = "pandas-2.2.3-cp39-cp39-manylinux_2_17_x86_64.manylinux2014_x86_64.whl", hash = "sha256:99df71520d25fade9db7c1076ac94eb994f4d2673ef2aa2e86ee039b6746d20c"},
    {file = "pandas-2.2.3-cp39-cp39-musllinux_1_2_aarch64.whl", hash = "sha256:31d0ced62d4ea3e231a9f228366919a5ea0b07440d9d4dac345376fd8e1477ea"},
    {file = "pandas-2.2.3-cp39-cp39-musllinux_1_2_x86_64.whl", hash = "sha256:7eee9e7cea6adf3e3d24e304ac6b8300646e2a5d1cd3a3c2abed9101b0846761"},
    {file = "pandas-2.2.3-cp39-cp39-win_amd64.whl", hash = "sha256:4850ba03528b6dd51d6c5d273c46f183f39a9baf3f0143e566b89450965b105e"},
    {file = "pandas-2.2.3.tar.gz", hash = "sha256:4f18ba62b61d7e192368b84517265a99b4d7ee8912f8708660fb4a366cc82667"},
]

[package.dependencies]
numpy = [
    {version = ">=1.23.2", markers = "python_version == \"3.11\""},
    {version = ">=1.26.0", markers = "python_version >= \"3.12\""},
]
python-dateutil = ">=2.8.2"
pytz = ">=2020.1"
tzdata = ">=2022.7"

[package.extras]
all = ["PyQt5 (>=5.15.9)", "SQLAlchemy (>=2.0.0)", "adbc-driver-postgresql (>=0.8.0)", "adbc-driver-sqlite (>=0.8.0)", "beautifulsoup4 (>=4.11.2)", "bottleneck (>=1.3.6)", "dataframe-api-compat (>=0.1.7)", "fastparquet (>=2022.12.0)", "fsspec (>=2022.11.0)", "gcsfs (>=2022.11.0)", "html5lib (>=1.1)", "hypothesis (>=6.46.1)", "jinja2 (>=3.1.2)", "lxml (>=4.9.2)", "matplotlib (>=3.6.3)", "numba (>=0.56.4)", "numexpr (>=2.8.4)", "odfpy (>=1.4.1)", "openpyxl (>=3.1.0)", "pandas-gbq (>=0.19.0)", "psycopg2 (>=2.9.6)", "pyarrow (>=10.0.1)", "pymysql (>=1.0.2)", "pyreadstat (>=1.2.0)", "pytest (>=7.3.2)", "pytest-xdist (>=2.2.0)", "python-calamine (>=0.1.7)", "pyxlsb (>=1.0.10)", "qtpy (>=2.3.0)", "s3fs (>=2022.11.0)", "scipy (>=1.10.0)", "tables (>=3.8.0)", "tabulate (>=0.9.0)", "xarray (>=2022.12.0)", "xlrd (>=2.0.1)", "xlsxwriter (>=3.0.5)", "zstandard (>=0.19.0)"]
aws = ["s3fs (>=2022.11.0)"]
clipboard = ["PyQt5 (>=5.15.9)", "qtpy (>=2.3.0)"]
compression = ["zstandard (>=0.19.0)"]
computation = ["scipy (>=1.10.0)", "xarray (>=2022.12.0)"]
consortium-standard = ["dataframe-api-compat (>=0.1.7)"]
excel = ["odfpy (>=1.4.1)", "openpyxl (>=3.1.0)", "python-calamine (>=0.1.7)", "pyxlsb (>=1.0.10)", "xlrd (>=2.0.1)", "xlsxwriter (>=3.0.5)"]
feather = ["pyarrow (>=10.0.1)"]
fss = ["fsspec (>=2022.11.0)"]
gcp = ["gcsfs (>=2022.11.0)", "pandas-gbq (>=0.19.0)"]
hdf5 = ["tables (>=3.8.0)"]
html = ["beautifulsoup4 (>=4.11.2)", "html5lib (>=1.1)", "lxml (>=4.9.2)"]
mysql = ["SQLAlchemy (>=2.0.0)", "pymysql (>=1.0.2)"]
output-formatting = ["jinja2 (>=3.1.2)", "tabulate (>=0.9.0)"]
parquet = ["pyarrow (>=10.0.1)"]
performance = ["bottleneck (>=1.3.6)", "numba (>=0.56.4)", "numexpr (>=2.8.4)"]
plot = ["matplotlib (>=3.6.3)"]
postgresql = ["SQLAlchemy (>=2.0.0)", "adbc-driver-postgresql (>=0.8.0)", "psycopg2 (>=2.9.6)"]
pyarrow = ["pyarrow (>=10.0.1)"]
spss = ["pyreadstat (>=1.2.0)"]
sql-other = ["SQLAlchemy (>=2.0.0)", "adbc-driver-postgresql (>=0.8.0)", "adbc-driver-sqlite (>=0.8.0)"]
test = ["hypothesis (>=6.46.1)", "pytest (>=7.3.2)", "pytest-xdist (>=2.2.0)"]
xml = ["lxml (>=4.9.2)"]

[[package]]
name = "pika"
version = "1.3.2"
description = "Pika Python AMQP Client Library"
optional = false
python-versions = ">=3.7"
groups = ["main"]
markers = "python_version == \"3.11\" or python_version >= \"3.12\""
files = [
    {file = "pika-1.3.2-py3-none-any.whl", hash = "sha256:0779a7c1fafd805672796085560d290213a465e4f6f76a6fb19e378d8041a14f"},
    {file = "pika-1.3.2.tar.gz", hash = "sha256:b2a327ddddf8570b4965b3576ac77091b850262d34ce8c1d8cb4e4146aa4145f"},
]

[package.extras]
gevent = ["gevent"]
tornado = ["tornado"]
twisted = ["twisted"]

[[package]]
name = "pydantic"
version = "2.0.3"
description = "Data validation using Python type hints"
optional = false
python-versions = ">=3.7"
groups = ["main"]
markers = "python_version == \"3.11\" or python_version >= \"3.12\""
files = [
    {file = "pydantic-2.0.3-py3-none-any.whl", hash = "sha256:614eb3321eb600c81899a88fa9858b008e3c79e0d4f1b49ab1f516b4b0c27cfb"},
    {file = "pydantic-2.0.3.tar.gz", hash = "sha256:94f13e0dcf139a5125e88283fc999788d894e14ed90cf478bcc2ee50bd4fc630"},
]

[package.dependencies]
annotated-types = ">=0.4.0"
pydantic-core = "2.3.0"
typing-extensions = ">=4.6.1"

[package.extras]
email = ["email-validator (>=2.0.0)"]

[[package]]
name = "pydantic-core"
version = "2.3.0"
description = ""
optional = false
python-versions = ">=3.7"
groups = ["main"]
markers = "python_version == \"3.11\" or python_version >= \"3.12\""
files = [
    {file = "pydantic_core-2.3.0-cp310-cp310-macosx_10_7_x86_64.whl", hash = "sha256:4542c98b8364b976593703a2dda97377433b102f380b61bc3a2cbc2fbdae1d1f"},
    {file = "pydantic_core-2.3.0-cp310-cp310-macosx_11_0_arm64.whl", hash = "sha256:9342de50824b40f55d2600f66c6f9a91a3a24851eca39145a749a3dc804ee599"},
    {file = "pydantic_core-2.3.0-cp310-cp310-manylinux_2_17_aarch64.manylinux2014_aarch64.whl", hash = "sha256:539432f911686cb80284c30b33eaf9f4fd9a11e1111fe0dc98fdbdce69b49821"},
    {file = "pydantic_core-2.3.0-cp310-cp310-manylinux_2_17_x86_64.manylinux2014_x86_64.whl", hash = "sha256:38a0e7ee65c8999394d92d9c724434cb629279d19844f2b69d9bbc46dc8b8b61"},
    {file = "pydantic_core-2.3.0-cp310-cp310-manylinux_2_24_armv7l.whl", hash = "sha256:e3ed6834cc005798187a56c248a2240207cb8ffdda1c89e9afda4c3d526c2ea0"},
    {file = "pydantic_core-2.3.0-cp310-cp310-manylinux_2_24_ppc64le.whl", hash = "sha256:e72ac299a6bf732a60852d052acf3999d234686755a02ba111e85e7ebf8155b1"},
    {file = "pydantic_core-2.3.0-cp310-cp310-manylinux_2_24_s390x.whl", hash = "sha256:616b3451b05ca63b8f433c627f68046b39543faeaa4e50d8c6699a2a1e4b85a5"},
    {file = "pydantic_core-2.3.0-cp310-cp310-manylinux_2_5_i686.manylinux1_i686.whl", hash = "sha256:adcb9c8848e15c613e483e0b99767ae325af27fe0dbd866df01fe5849d06e6e1"},
    {file = "pydantic_core-2.3.0-cp310-cp310-musllinux_1_1_aarch64.whl", hash = "sha256:464bf799b422be662e5e562e62beeffc9eaa907d381a9d63a2556615bbda286d"},
    {file = "pydantic_core-2.3.0-cp310-cp310-musllinux_1_1_x86_64.whl", hash = "sha256:4638ebc17de08c2f3acba557efeb6f195c88b7299d8c55c0bb4e20638bbd4d03"},
    {file = "pydantic_core-2.3.0-cp310-none-win32.whl", hash = "sha256:9ff322c7e1030543d35d83bb521b69114d3d150750528d7757544f639def9ad6"},
    {file = "pydantic_core-2.3.0-cp310-none-win_amd64.whl", hash = "sha256:4824eb018f0a4680b1e434697a9bf3f41c7799b80076d06530cbbd212e040ccc"},
    {file = "pydantic_core-2.3.0-cp311-cp311-macosx_10_7_x86_64.whl", hash = "sha256:0aa429578e23885b3984c49d687cd05ab06f0b908ea1711a8bf7e503b7f97160"},
    {file = "pydantic_core-2.3.0-cp311-cp311-macosx_11_0_arm64.whl", hash = "sha256:20d710c1f79af930b8891bcebd84096798e4387ab64023ef41521d58f21277d3"},
    {file = "pydantic_core-2.3.0-cp311-cp311-manylinux_2_17_aarch64.manylinux2014_aarch64.whl", hash = "sha256:309f45d4d7481d6f09cb9e35c72caa0e50add4a30bb08c04c5fe5956a0158633"},
    {file = "pydantic_core-2.3.0-cp311-cp311-manylinux_2_17_x86_64.manylinux2014_x86_64.whl", hash = "sha256:1bcfb7be905aa849bd882262e1df3f75b564e2f708b4b4c7ad2d3deaf5410562"},
    {file = "pydantic_core-2.3.0-cp311-cp311-manylinux_2_24_armv7l.whl", hash = "sha256:85cd9c0af34e371390e3cb2f3a470b0b40cc07568c1e966c638c49062be6352d"},
    {file = "pydantic_core-2.3.0-cp311-cp311-manylinux_2_24_ppc64le.whl", hash = "sha256:37c5028cebdf731298724070838fb3a71ef1fbd201d193d311ac2cbdbca25a23"},
    {file = "pydantic_core-2.3.0-cp311-cp311-manylinux_2_24_s390x.whl", hash = "sha256:e4208f23f12d0ad206a07a489ef4cb15722c10b62774c4460ee4123250be938e"},
    {file = "pydantic_core-2.3.0-cp311-cp311-manylinux_2_5_i686.manylinux1_i686.whl", hash = "sha256:c24465dd11b65c8510f251b095fc788c7c91481c81840112fe3f76c30793a455"},
    {file = "pydantic_core-2.3.0-cp311-cp311-musllinux_1_1_aarch64.whl", hash = "sha256:3cd7ee8bbfab277ab56e272221886fd33a1b5943fbf45ae9195aa6a48715a8a0"},
    {file = "pydantic_core-2.3.0-cp311-cp311-musllinux_1_1_x86_64.whl", hash = "sha256:0fc7e0b056b66cc536e97ef60f48b3b289f6b3b62ac225afd4b22a42434617bf"},
    {file = "pydantic_core-2.3.0-cp311-none-win32.whl", hash = "sha256:4788135db4bd83a5edc3522b11544b013be7d25b74b155e08dd3b20cd6663bbb"},
    {file = "pydantic_core-2.3.0-cp311-none-win_amd64.whl", hash = "sha256:f93c867e5e85584a28c6a6feb6f2086d717266eb5d1210d096dd717b7f4dec04"},
    {file = "pydantic_core-2.3.0-cp312-cp312-macosx_10_7_x86_64.whl", hash = "sha256:73f62bb7fd862d9bcd886e10612bade6fe042eda8b47e8c129892bcfb7b45e84"},
    {file = "pydantic_core-2.3.0-cp312-cp312-macosx_11_0_arm64.whl", hash = "sha256:4d889d498fce64bfcd8adf1a78579a7f626f825cbeb2956a24a29b35f9a1df32"},
    {file = "pydantic_core-2.3.0-cp312-cp312-manylinux_2_17_aarch64.manylinux2014_aarch64.whl", hash = "sha256:7d55e38a89ec2ae17b2fa7ffeda6b70f63afab1888bd0d57aaa7b7879760acb4"},
    {file = "pydantic_core-2.3.0-cp312-cp312-manylinux_2_17_x86_64.manylinux2014_x86_64.whl", hash = "sha256:1aefebb506bc1fe355d91d25f12bcdea7f4d7c2d9f0f6716dd025543777c99a5"},
    {file = "pydantic_core-2.3.0-cp312-cp312-manylinux_2_24_armv7l.whl", hash = "sha256:6441a29f42585f085db0c04cd0557d4cbbb46fa68a0972409b1cfe9f430280c1"},
    {file = "pydantic_core-2.3.0-cp312-cp312-manylinux_2_24_ppc64le.whl", hash = "sha256:47e8f034be31390a8f525431eb5e803a78ce7e2e11b32abf5361a972e14e6b61"},
    {file = "pydantic_core-2.3.0-cp312-cp312-manylinux_2_24_s390x.whl", hash = "sha256:ad814864aba263be9c83ada44a95f72d10caabbf91589321f95c29c902bdcff0"},
    {file = "pydantic_core-2.3.0-cp312-cp312-manylinux_2_5_i686.manylinux1_i686.whl", hash = "sha256:9eff3837d447fccf2ac38c259b14ab9cbde700df355a45a1f3ff244d5e78f8b6"},
    {file = "pydantic_core-2.3.0-cp312-cp312-musllinux_1_1_aarch64.whl", hash = "sha256:534f3f63c000f08050c6f7f4378bf2b52d7ba9214e9d35e3f60f7ad24a4d6425"},
    {file = "pydantic_core-2.3.0-cp312-cp312-musllinux_1_1_x86_64.whl", hash = "sha256:ef6a222d54f742c24f6b143aab088702db3a827b224e75b9dd28b38597c595fe"},
    {file = "pydantic_core-2.3.0-cp312-none-win32.whl", hash = "sha256:4e26944e64ecc1d7b19db954c0f7b471f3b141ec8e1a9f57cfe27671525cd248"},
    {file = "pydantic_core-2.3.0-cp312-none-win_amd64.whl", hash = "sha256:019c5c41941438570dfc7d3f0ae389b2425add1775a357ce1e83ed1434f943d6"},
    {file = "pydantic_core-2.3.0-cp37-cp37m-macosx_10_7_x86_64.whl", hash = "sha256:27c1bbfb9d84a75cf33b7f19b53c29eb7ead99b235fce52aced5507174ab8f98"},
    {file = "pydantic_core-2.3.0-cp37-cp37m-macosx_11_0_arm64.whl", hash = "sha256:7cb496e934b71f1ade844ab91d6ccac78a3520e5df02fdb2357f85a71e541e69"},
    {file = "pydantic_core-2.3.0-cp37-cp37m-manylinux_2_17_aarch64.manylinux2014_aarch64.whl", hash = "sha256:5af2d43b1978958d91351afbcc9b4d0cfe144c46c61740e82aaac8bb39ab1a4d"},
    {file = "pydantic_core-2.3.0-cp37-cp37m-manylinux_2_17_x86_64.manylinux2014_x86_64.whl", hash = "sha256:4d3097c39d7d4e8dba2ef86de171dcccad876c36d8379415ba18a5a4d0533510"},
    {file = "pydantic_core-2.3.0-cp37-cp37m-manylinux_2_24_armv7l.whl", hash = "sha256:dd3b023f3317dbbbc775e43651ce1a31a9cea46216ad0b5be37afc18a2007699"},
    {file = "pydantic_core-2.3.0-cp37-cp37m-manylinux_2_24_ppc64le.whl", hash = "sha256:27babb9879bf2c45ed655d02639f4c30e2b9ef1b71ce59c2305bbf7287910a18"},
    {file = "pydantic_core-2.3.0-cp37-cp37m-manylinux_2_24_s390x.whl", hash = "sha256:2183a9e18cdc0de53bdaa1675f237259162abeb62d6ac9e527c359c1074dc55d"},
    {file = "pydantic_core-2.3.0-cp37-cp37m-manylinux_2_5_i686.manylinux1_i686.whl", hash = "sha256:c089d8e7f1b4db08b2f8e4107304eec338df046275dad432635a9be9531e2fc8"},
    {file = "pydantic_core-2.3.0-cp37-cp37m-musllinux_1_1_aarch64.whl", hash = "sha256:2f10aa5452b865818dd0137f568d443f5e93b60a27080a01aa4b7512c7ba13a3"},
    {file = "pydantic_core-2.3.0-cp37-cp37m-musllinux_1_1_x86_64.whl", hash = "sha256:f642313d559f9d9a00c4de6820124059cc3342a0d0127b18301de2c680d5ea40"},
    {file = "pydantic_core-2.3.0-cp37-none-win32.whl", hash = "sha256:45327fc57afbe3f2c3d7f54a335d5cecee8a9fdb3906a2fbed8af4092f4926df"},
    {file = "pydantic_core-2.3.0-cp37-none-win_amd64.whl", hash = "sha256:e427b66596a6441a5607dfc0085b47d36073f88da7ac48afd284263b9b99e6ce"},
    {file = "pydantic_core-2.3.0-cp38-cp38-macosx_10_7_x86_64.whl", hash = "sha256:0b3d781c71b8bfb621ef23b9c874933e2cd33237c1a65cc20eeb37437f8e7e18"},
    {file = "pydantic_core-2.3.0-cp38-cp38-macosx_11_0_arm64.whl", hash = "sha256:ad46027dbd5c1db87dc0b49becbe23093b143a20302028d387dae37ee5ef95f5"},
    {file = "pydantic_core-2.3.0-cp38-cp38-manylinux_2_17_aarch64.manylinux2014_aarch64.whl", hash = "sha256:39aa09ed7ce2a648c904f79032d16dda29e6913112af8465a7bf710eef23c7ca"},
    {file = "pydantic_core-2.3.0-cp38-cp38-manylinux_2_17_x86_64.manylinux2014_x86_64.whl", hash = "sha256:05b4bf8c58409586a7a04c858a86ab10f28c6c1a7c33da65e0326c59d5b0ab16"},
    {file = "pydantic_core-2.3.0-cp38-cp38-manylinux_2_24_armv7l.whl", hash = "sha256:ba2b807d2b62c446120906b8580cddae1d76d3de4efbb95ccc87f5e35c75b4b2"},
    {file = "pydantic_core-2.3.0-cp38-cp38-manylinux_2_24_ppc64le.whl", hash = "sha256:ea955e4ed21f4bbb9b83fea09fc6af0bed82e69ecf6b35ec89237a0a49633033"},
    {file = "pydantic_core-2.3.0-cp38-cp38-manylinux_2_24_s390x.whl", hash = "sha256:06884c07956526ac9ebfef40fe21a11605569b8fc0e2054a375fb39c978bf48f"},
    {file = "pydantic_core-2.3.0-cp38-cp38-manylinux_2_5_i686.manylinux1_i686.whl", hash = "sha256:f868e731a18b403b88aa434d960489ceeed0ddeb44ebc02389540731a67705e0"},
    {file = "pydantic_core-2.3.0-cp38-cp38-musllinux_1_1_aarch64.whl", hash = "sha256:cb08fab0fc1db15c277b72e33ac74ad9c0c789413da8984a3eacb22a94b42ef4"},
    {file = "pydantic_core-2.3.0-cp38-cp38-musllinux_1_1_x86_64.whl", hash = "sha256:6ca34c29fbd6592de5fd39e80c1993634d704c4e7e14ba54c87b2c7c53da68fe"},
    {file = "pydantic_core-2.3.0-cp38-none-win32.whl", hash = "sha256:cd782807d35c8a41aaa7d30b5107784420eefd9fdc1c760d86007d43ae00b15d"},
    {file = "pydantic_core-2.3.0-cp38-none-win_amd64.whl", hash = "sha256:01f56d5ee70b1d39c0fd08372cc5142274070ab7181d17c86035f130eebc05b8"},
    {file = "pydantic_core-2.3.0-cp39-cp39-macosx_10_7_x86_64.whl", hash = "sha256:78b1ac0151271ce62bc2b33755f1043eda6a310373143a2f27e2bcd3d5fc8633"},
    {file = "pydantic_core-2.3.0-cp39-cp39-macosx_11_0_arm64.whl", hash = "sha256:64bfd2c35a2c350f73ac52dc134d8775f93359c4c969280a6fe5301b5b6e7431"},
    {file = "pydantic_core-2.3.0-cp39-cp39-manylinux_2_17_aarch64.manylinux2014_aarch64.whl", hash = "sha256:937c0fe9538f1212b62df6a68f8d78df3572fe3682d9a0dd8851eac8a4e46063"},
    {file = "pydantic_core-2.3.0-cp39-cp39-manylinux_2_17_x86_64.manylinux2014_x86_64.whl", hash = "sha256:4d965c7c4b40d1cedec9188782e98bd576f9a04868835604200c3a6e817b824f"},
    {file = "pydantic_core-2.3.0-cp39-cp39-manylinux_2_24_armv7l.whl", hash = "sha256:ad442b8585ed4a3c2d22e4bf7b465d9b7d281e055b09719a8aeb5b576422dc9b"},
    {file = "pydantic_core-2.3.0-cp39-cp39-manylinux_2_24_ppc64le.whl", hash = "sha256:4bf20c9722821fce766e685718e739deeccc60d6bc7be5029281db41f999ee0c"},
    {file = "pydantic_core-2.3.0-cp39-cp39-manylinux_2_24_s390x.whl", hash = "sha256:f3dd5333049b5b3faa739e0f40b77cc8b7a1aded2f2da0e28794c81586d7b08a"},
    {file = "pydantic_core-2.3.0-cp39-cp39-manylinux_2_5_i686.manylinux1_i686.whl", hash = "sha256:0dc5f516b24d24bc9e8dd9305460899f38302b3c4f9752663b396ef9848557bf"},
    {file = "pydantic_core-2.3.0-cp39-cp39-musllinux_1_1_aarch64.whl", hash = "sha256:055f7ea6b1fbb37880d66d70eefd22dd319b09c79d2cb99b1dbfeb34b653b0b2"},
    {file = "pydantic_core-2.3.0-cp39-cp39-musllinux_1_1_x86_64.whl", hash = "sha256:af693a89db6d6ac97dd84dd7769b3f2bd9007b578127d0e7dda03053f4d3b34b"},
    {file = "pydantic_core-2.3.0-cp39-none-win32.whl", hash = "sha256:f60e31e3e15e8c294bf70c60f8ae4d0c3caf3af8f26466e9aa8ea4c01302749b"},
    {file = "pydantic_core-2.3.0-cp39-none-win_amd64.whl", hash = "sha256:2b79f3681481f4424d7845cc7a261d5a4baa810d656b631fa844dc9967b36a7b"},
    {file = "pydantic_core-2.3.0-pp310-pypy310_pp73-macosx_10_7_x86_64.whl", hash = "sha256:a666134b41712e30a71afaa26deeb4da374179f769fa49784cdf0e7698880fab"},
    {file = "pydantic_core-2.3.0-pp310-pypy310_pp73-manylinux_2_17_aarch64.manylinux2014_aarch64.whl", hash = "sha256:1c119e9227487ad3d7c3c737d896afe548a6be554091f9745da1f4b489c40561"},
    {file = "pydantic_core-2.3.0-pp310-pypy310_pp73-manylinux_2_17_x86_64.manylinux2014_x86_64.whl", hash = "sha256:73929a2fb600a2333fce2efd92596cff5e6bf8946e20e93c067b220760064862"},
    {file = "pydantic_core-2.3.0-pp310-pypy310_pp73-manylinux_2_5_i686.manylinux1_i686.whl", hash = "sha256:41bbc2678a5b6a19371b2cb51f30ccea71f0c14b26477d2d884fed761cea42c7"},
    {file = "pydantic_core-2.3.0-pp310-pypy310_pp73-musllinux_1_1_aarch64.whl", hash = "sha256:dcbff997f47d45bf028bda4c3036bb3101e89a3df271281d392b6175f71c71d1"},
    {file = "pydantic_core-2.3.0-pp310-pypy310_pp73-musllinux_1_1_x86_64.whl", hash = "sha256:afa8808159169368b66e4fbeafac6c6fd8f26246dc4d0dcc2caf94bd9cf1b828"},
    {file = "pydantic_core-2.3.0-pp310-pypy310_pp73-win_amd64.whl", hash = "sha256:12be3b5f54f8111ca38e6b7277f26c23ba5cb3344fae06f879a0a93dfc8b479e"},
    {file = "pydantic_core-2.3.0-pp37-pypy37_pp73-macosx_10_7_x86_64.whl", hash = "sha256:ed5babdcd3d052ba5cf8832561f18df20778c7ccf12587b2d82f7bf3bf259a0e"},
    {file = "pydantic_core-2.3.0-pp37-pypy37_pp73-manylinux_2_17_aarch64.manylinux2014_aarch64.whl", hash = "sha256:3d642e5c029e2acfacf6aa0a7a3e822086b3b777c70d364742561f9ca64c1ffc"},
    {file = "pydantic_core-2.3.0-pp37-pypy37_pp73-manylinux_2_17_x86_64.manylinux2014_x86_64.whl", hash = "sha256:8ba3073eb38a1294e8c7902989fb80a7a147a69db2396818722bd078476586a0"},
    {file = "pydantic_core-2.3.0-pp37-pypy37_pp73-manylinux_2_5_i686.manylinux1_i686.whl", hash = "sha256:d5146a6749b1905e04e62e0ad4622f079e5582f8b3abef5fb64516c623127908"},
    {file = "pydantic_core-2.3.0-pp37-pypy37_pp73-musllinux_1_1_aarch64.whl", hash = "sha256:deeb64335f489c3c11949cbd1d1668b3f1fb2d1c6a5bf40e126ef7bf95f9fa40"},
    {file = "pydantic_core-2.3.0-pp37-pypy37_pp73-musllinux_1_1_x86_64.whl", hash = "sha256:31acc37288b8e69e4849f618c3d5cf13b58077c1a1ff9ade0b3065ba974cd385"},
    {file = "pydantic_core-2.3.0-pp37-pypy37_pp73-win_amd64.whl", hash = "sha256:e09d9f6d722de9d4c1c5f122ea9bc6b25a05f975457805af4dcab7b0128aacbf"},
    {file = "pydantic_core-2.3.0-pp38-pypy38_pp73-macosx_10_7_x86_64.whl", hash = "sha256:ba6a8cf089222a171b8f84e6ec2d10f7a9d14f26be3a347b14775a8741810676"},
    {file = "pydantic_core-2.3.0-pp38-pypy38_pp73-manylinux_2_17_aarch64.manylinux2014_aarch64.whl", hash = "sha256:ef1fd1b24e9bcddcb168437686677104e205c8e25b066e73ffdf331d3bb8792b"},
    {file = "pydantic_core-2.3.0-pp38-pypy38_pp73-manylinux_2_17_x86_64.manylinux2014_x86_64.whl", hash = "sha256:eda1a89c4526826c0a87d33596a4cd15b8f58e9250f503e39af1699ba9c878e8"},
    {file = "pydantic_core-2.3.0-pp38-pypy38_pp73-manylinux_2_5_i686.manylinux1_i686.whl", hash = "sha256:a3e9a18401a28db4358da2e191508702dbf065f2664c710708cdf9552b9fa50c"},
    {file = "pydantic_core-2.3.0-pp38-pypy38_pp73-musllinux_1_1_aarch64.whl", hash = "sha256:a439fd0d45d51245bbde799726adda5bd18aed3fa2b01ab2e6a64d6d13776fa3"},
    {file = "pydantic_core-2.3.0-pp38-pypy38_pp73-musllinux_1_1_x86_64.whl", hash = "sha256:bf6a1d2c920cc9528e884850a4b2ee7629e3d362d5c44c66526d4097bbb07a1a"},
    {file = "pydantic_core-2.3.0-pp38-pypy38_pp73-win_amd64.whl", hash = "sha256:e33fcbea3b63a339dd94de0fc442fefacfe681cc7027ce63f67af9f7ceec7422"},
    {file = "pydantic_core-2.3.0-pp39-pypy39_pp73-macosx_10_7_x86_64.whl", hash = "sha256:bf3ed993bdf4754909f175ff348cf8f78d4451215b8aa338633f149ca3b1f37a"},
    {file = "pydantic_core-2.3.0-pp39-pypy39_pp73-manylinux_2_17_aarch64.manylinux2014_aarch64.whl", hash = "sha256:7584171eb3115acd4aba699bc836634783f5bd5aab131e88d8eeb8a3328a4a72"},
    {file = "pydantic_core-2.3.0-pp39-pypy39_pp73-manylinux_2_17_x86_64.manylinux2014_x86_64.whl", hash = "sha256:1624baa76d1740711b2048f302ae9a6d73d277c55a8c3e88b53b773ebf73a971"},
    {file = "pydantic_core-2.3.0-pp39-pypy39_pp73-manylinux_2_5_i686.manylinux1_i686.whl", hash = "sha256:06f33f695527f5a86e090f208978f9fd252c9cfc7e869d3b679bd71f7cb2c1fa"},
    {file = "pydantic_core-2.3.0-pp39-pypy39_pp73-musllinux_1_1_aarch64.whl", hash = "sha256:7ecf0a67b212900e92f328181fed02840d74ed39553cdb38d27314e2b9c89dfa"},
    {file = "pydantic_core-2.3.0-pp39-pypy39_pp73-musllinux_1_1_x86_64.whl", hash = "sha256:45fa1e8ad6f4367ad73674ca560da8e827cc890eaf371f3ee063d6d7366a207b"},
    {file = "pydantic_core-2.3.0-pp39-pypy39_pp73-win_amd64.whl", hash = "sha256:8d0dbcc57839831ae79fd24b1b83d42bc9448d79feaf3ed3fb5cbf94ffbf3eb7"},
    {file = "pydantic_core-2.3.0.tar.gz", hash = "sha256:5cfb5ac4e82c47d5dc25b209dd4c3989e284b80109f9e08b33c895080c424b4f"},
]

[package.dependencies]
typing-extensions = ">=4.6.0,<4.7.0 || >4.7.0"

[[package]]
name = "python-dateutil"
version = "2.9.0.post0"
description = "Extensions to the standard Python datetime module"
optional = false
python-versions = "!=3.0.*,!=3.1.*,!=3.2.*,>=2.7"
groups = ["main"]
markers = "python_version == \"3.11\" or python_version >= \"3.12\""
files = [
    {file = "python-dateutil-2.9.0.post0.tar.gz", hash = "sha256:37dd54208da7e1cd875388217d5e00ebd4179249f90fb72437e91a35459a0ad3"},
    {file = "python_dateutil-2.9.0.post0-py2.py3-none-any.whl", hash = "sha256:a8b2bc7bffae282281c8140a97d3aa9c14da0b136dfe83f850eea9a5f7470427"},
]

[package.dependencies]
six = ">=1.5"

[[package]]
name = "python-multipart"
version = "0.0.20"
description = "A streaming multipart parser for Python"
optional = false
python-versions = ">=3.8"
groups = ["main"]
markers = "python_version == \"3.11\" or python_version >= \"3.12\""
files = [
    {file = "python_multipart-0.0.20-py3-none-any.whl", hash = "sha256:8a62d3a8335e06589fe01f2a3e178cdcc632f3fbe0d492ad9ee0ec35aab1f104"},
    {file = "python_multipart-0.0.20.tar.gz", hash = "sha256:8dd0cab45b8e23064ae09147625994d090fa46f5b0d1e13af944c331a7fa9d13"},
]

[[package]]
name = "pytz"
version = "2025.1"
description = "World timezone definitions, modern and historical"
optional = false
python-versions = "*"
groups = ["main"]
markers = "python_version == \"3.11\" or python_version >= \"3.12\""
files = [
    {file = "pytz-2025.1-py2.py3-none-any.whl", hash = "sha256:89dd22dca55b46eac6eda23b2d72721bf1bdfef212645d81513ef5d03038de57"},
    {file = "pytz-2025.1.tar.gz", hash = "sha256:c2db42be2a2518b28e65f9207c4d05e6ff547d1efa4086469ef855e4ab70178e"},
]

[[package]]
name = "redis"
version = "5.2.1"
description = "Python client for Redis database and key-value store"
optional = false
python-versions = ">=3.8"
groups = ["main"]
markers = "python_version == \"3.11\" or python_version >= \"3.12\""
files = [
    {file = "redis-5.2.1-py3-none-any.whl", hash = "sha256:ee7e1056b9aea0f04c6c2ed59452947f34c4940ee025f5dd83e6a6418b6989e4"},
    {file = "redis-5.2.1.tar.gz", hash = "sha256:16f2e22dff21d5125e8481515e386711a34cbec50f0e44413dd7d9c060a54e0f"},
]

[package.dependencies]
async-timeout = {version = ">=4.0.3", markers = "python_full_version < \"3.11.3\""}

[package.extras]
hiredis = ["hiredis (>=3.0.0)"]
ocsp = ["cryptography (>=36.0.1)", "pyopenssl (==23.2.1)", "requests (>=2.31.0)"]

[[package]]
name = "six"
version = "1.17.0"
description = "Python 2 and 3 compatibility utilities"
optional = false
python-versions = "!=3.0.*,!=3.1.*,!=3.2.*,>=2.7"
groups = ["main"]
markers = "python_version == \"3.11\" or python_version >= \"3.12\""
files = [
    {file = "six-1.17.0-py2.py3-none-any.whl", hash = "sha256:4721f391ed90541fddacab5acf947aa0d3dc7d27b2e1e8eda2be8970586c3274"},
    {file = "six-1.17.0.tar.gz", hash = "sha256:ff70335d468e7eb6ec65b95b99d3a2836546063f63acc5171de367e834932a81"},
]

[[package]]
name = "sniffio"
version = "1.3.1"
description = "Sniff out which async library your code is running under"
optional = false
python-versions = ">=3.7"
groups = ["main"]
markers = "python_version == \"3.11\" or python_version >= \"3.12\""
files = [
    {file = "sniffio-1.3.1-py3-none-any.whl", hash = "sha256:2f6da418d1f1e0fddd844478f41680e794e6051915791a034ff65e5f100525a2"},
    {file = "sniffio-1.3.1.tar.gz", hash = "sha256:f4324edc670a0f49750a81b895f35c3adb843cca46f0530f79fc1babb23789dc"},
]

[[package]]
name = "starlette"
version = "0.45.3"
description = "The little ASGI library that shines."
optional = false
python-versions = ">=3.9"
groups = ["main"]
markers = "python_version == \"3.11\" or python_version >= \"3.12\""
files = [
    {file = "starlette-0.45.3-py3-none-any.whl", hash = "sha256:dfb6d332576f136ec740296c7e8bb8c8a7125044e7c6da30744718880cdd059d"},
    {file = "starlette-0.45.3.tar.gz", hash = "sha256:2cbcba2a75806f8a41c722141486f37c28e30a0921c5f6fe4346cb0dcee1302f"},
]

[package.dependencies]
anyio = ">=3.6.2,<5"

[package.extras]
full = ["httpx (>=0.27.0,<0.29.0)", "itsdangerous", "jinja2", "python-multipart (>=0.0.18)", "pyyaml"]

[[package]]
name = "typing-extensions"
version = "4.12.2"
description = "Backported and Experimental Type Hints for Python 3.8+"
optional = false
python-versions = ">=3.8"
groups = ["main"]
markers = "python_version == \"3.11\" or python_version >= \"3.12\""
files = [
    {file = "typing_extensions-4.12.2-py3-none-any.whl", hash = "sha256:04e5ca0351e0f3f85c6853954072df659d0d13fac324d0072316b67d7794700d"},
    {file = "typing_extensions-4.12.2.tar.gz", hash = "sha256:1a7ead55c7e559dd4dee8856e3a88b41225abfe1ce8df57b7c13915fe121ffb8"},
]

[[package]]
name = "tzdata"
version = "2025.1"
description = "Provider of IANA time zone data"
optional = false
python-versions = ">=2"
groups = ["main"]
markers = "python_version == \"3.11\" or python_version >= \"3.12\""
files = [
    {file = "tzdata-2025.1-py2.py3-none-any.whl", hash = "sha256:7e127113816800496f027041c570f50bcd464a020098a3b6b199517772303639"},
    {file = "tzdata-2025.1.tar.gz", hash = "sha256:24894909e88cdb28bd1636c6887801df64cb485bd593f2fd83ef29075a81d694"},
]

[[package]]
name = "uvicorn"
version = "0.34.0"
description = "The lightning-fast ASGI server."
optional = false
python-versions = ">=3.9"
groups = ["main"]
markers = "python_version == \"3.11\" or python_version >= \"3.12\""
files = [
    {file = "uvicorn-0.34.0-py3-none-any.whl", hash = "sha256:023dc038422502fa28a09c7a30bf2b6991512da7dcdb8fd35fe57cfc154126f4"},
    {file = "uvicorn-0.34.0.tar.gz", hash = "sha256:404051050cd7e905de2c9a7e61790943440b3416f49cb409f965d9dcd0fa73e9"},
]

[package.dependencies]
click = ">=7.0"
h11 = ">=0.8"

[package.extras]
standard = ["colorama (>=0.4)", "httptools (>=0.6.3)", "python-dotenv (>=0.13)", "pyyaml (>=5.1)", "uvloop (>=0.14.0,!=0.15.0,!=0.15.1)", "watchfiles (>=0.13)", "websockets (>=10.4)"]

[metadata]
lock-version = "2.1"
python-versions = ">=3.11"
content-hash = "46940714902204971c03b5c1fff000335a4ef3527421d172946e30bc3d9b07e2"
